
Microsoft Visual Studio Solution File, Format Version 12.00
# Visual Studio Version 17
VisualStudioVersion = 17.8.34309.116
MinimumVisualStudioVersion = 10.0.40219.1
Project("{2150E333-8FDC-42A3-9474-1A3956D46DE8}") = "01_Basic_Concepts", "01_Basic_Concepts", "{8CD1A0B2-3589-4AF0-9571-126E24FEABB8}"
EndProject
Project("{9A19103F-16F7-4668-BE54-9A1E7A4F7556}") = "001_Type", "001_Type\001_Type.csproj", "{E4EFA1C7-9137-4E74-9C67-CCE6B8DCDBE2}"
EndProject
Project("{9A19103F-16F7-4668-BE54-9A1E7A4F7556}") = "002_Field_Info", "002_FieldInfo\002_Field_Info.csproj", "{3542E1AA-E671-44AD-A9FD-197C9DB15421}"
EndProject
Project("{9A19103F-16F7-4668-BE54-9A1E7A4F7556}") = "003_Prop_Info", "003_Prop_Info\003_Prop_Info.csproj", "{B497BE8E-587D-44CE-AD3D-AEF4CC2CCDEE}"
EndProject
Project("{9A19103F-16F7-4668-BE54-9A1E7A4F7556}") = "004_Method_Info", "004_Method_Info\004_Method_Info.csproj", "{F40D08A8-F996-41F3-A49F-AC56593BAD76}"
EndProject
Project("{9A19103F-16F7-4668-BE54-9A1E7A4F7556}") = "005_Method_Info_Arg_&_Ret", "005_Method_Info_Arg_&_Ret\005_Method_Info_Arg_&_Ret.csproj", "{C65D35D6-1F3F-45D8-92B3-16F98CBABA02}"
EndProject
Project("{9A19103F-16F7-4668-BE54-9A1E7A4F7556}") = "006_Auto_Prop_Info", "006_Auto_Prop_Info\006_Auto_Prop_Info.csproj", "{197EA779-743E-43F7-8FAE-6A7D823D3590}"
EndProject
Project("{9A19103F-16F7-4668-BE54-9A1E7A4F7556}") = "007_Event_Info", "007_Event_Info\007_Event_Info.csproj", "{E4EF1940-6325-4879-8644-0CD74070C18E}"
EndProject
Project("{9A19103F-16F7-4668-BE54-9A1E7A4F7556}") = "008_Constructors_Info", "008_Constructors_Info\008_Constructors_Info.csproj", "{491D9EFB-80EB-4CB5-80BB-554C1D0C9D31}"
EndProject
Project("{9A19103F-16F7-4668-BE54-9A1E7A4F7556}") = "009_Interfaces_Info", "009_Interfaces_Info\009_Interfaces_Info.csproj", "{A6EE6EE2-36A0-48A9-93D6-57CC815C3EC5}"
EndProject
Project("{9A19103F-16F7-4668-BE54-9A1E7A4F7556}") = "010_BaseType_Info", "010_BaseType_Info\010_BaseType_Info.csproj", "{E6B692E6-F84A-41CE-9B16-7DC2200DA72B}"
EndProject
Project("{2150E333-8FDC-42A3-9474-1A3956D46DE8}") = "02_Work_With_Libraries", "02_Work_With_Libraries", "{4DD1EC66-05E5-4E8E-8902-3983C5680530}"
EndProject
Project("{9A19103F-16F7-4668-BE54-9A1E7A4F7556}") = "011_Attributes_Info", "011_Attributes_Info\011_Attributes_Info.csproj", "{1E1DDCB3-E200-4241-9C4B-9DE91F263919}"
EndProject
Project("{9A19103F-16F7-4668-BE54-9A1E7A4F7556}") = "012_Assembly_Info", "012_Assembly_Info\012_Assembly_Info.csproj", "{03B0D01B-9F16-4200-90E9-8A572A646656}"
EndProject
Project("{2150E333-8FDC-42A3-9474-1A3956D46DE8}") = "03_Calling_With_Reflection", "03_Calling_With_Reflection", "{AD3BBC5A-12EF-47DF-B550-D54A66E84E47}"
EndProject
Project("{9A19103F-16F7-4668-BE54-9A1E7A4F7556}") = "014_ClassLibrary", "014_ClassLibrary\014_ClassLibrary.csproj", "{97C19FA1-DA14-4FD3-9386-148760E0C795}"
EndProject
Project("{9A19103F-16F7-4668-BE54-9A1E7A4F7556}") = "013_Work_Libraries", "013_Work_Libraries\013_Work_Libraries.csproj", "{528907DA-B80B-48E2-B3E1-E520F1C6F437}"
EndProject
Project("{2150E333-8FDC-42A3-9474-1A3956D46DE8}") = "04_Internal_Structure", "04_Internal_Structure", "{E7F2A2D3-2D8D-45CD-9E08-F2A639F381BC}"
EndProject
Project("{9A19103F-16F7-4668-BE54-9A1E7A4F7556}") = "015_Change_Field", "015_Change_Field\015_Change_Field.csproj", "{3C953ED8-68D3-474A-9A3B-81D89FE05D65}"
EndProject
Project("{9A19103F-16F7-4668-BE54-9A1E7A4F7556}") = "016_Call_Method", "016_Call_Method\016_Call_Method.csproj", "{394F4882-A2C0-468C-A8AB-9CD92159B9D5}"
EndProject
Project("{9A19103F-16F7-4668-BE54-9A1E7A4F7556}") = "017_Activator", "017_Activator\017_Activator.csproj", "{8BED373D-73EC-40BB-8452-E738A9BCBA3A}"
EndProject
Project("{9A19103F-16F7-4668-BE54-9A1E7A4F7556}") = "018_Libraries_For_Activators", "018_Libraries_For_Activators\018_Libraries_For_Activators.csproj", "{47B51845-B510-4163-BD69-F652AD015BF8}"
EndProject
Project("{9A19103F-16F7-4668-BE54-9A1E7A4F7556}") = "019_Lambda_Expression", "019_Lambda_Expression\019_Lambda_Expression.csproj", "{5BD44018-E025-4AB2-BAFE-86D3CF7B2E96}"
EndProject
Project("{9A19103F-16F7-4668-BE54-9A1E7A4F7556}") = "020_Lambda_Expression_Decompail", "020_Lambda_Expression_Decompail\020_Lambda_Expression_Decompail.csproj", "{8B52A2D7-CD1F-46BA-9107-B748638676B6}"
EndProject
Project("{2150E333-8FDC-42A3-9474-1A3956D46DE8}") = "05_IL_Code", "05_IL_Code", "{FD6D4A90-D00D-4FF8-A2A0-A186A3CABF75}"
EndProject
Project("{9A19103F-16F7-4668-BE54-9A1E7A4F7556}") = "021_Get_IL_Code", "021_Get_IL_Code\021_Get_IL_Code.csproj", "{15CB635A-B96C-4785-9ADD-592E9EEC3051}"
EndProject
Project("{2150E333-8FDC-42A3-9474-1A3956D46DE8}") = "06_Own_Decompiler", "06_Own_Decompiler", "{CBF8E901-B77B-478C-9651-A8DDE7761588}"
EndProject
Project("{FAE04EC0-301F-11D3-BF4B-00C04F79EFBC}") = "022_Decompiler", "022_Decompiler\022_Decompiler.csproj", "{6D5FDC28-C4D2-4798-80A3-F3A21F59FA3F}"
EndProject
Global
	GlobalSection(SolutionConfigurationPlatforms) = preSolution
		Debug|Any CPU = Debug|Any CPU
		Release|Any CPU = Release|Any CPU
	EndGlobalSection
	GlobalSection(ProjectConfigurationPlatforms) = postSolution
		{E4EFA1C7-9137-4E74-9C67-CCE6B8DCDBE2}.Debug|Any CPU.ActiveCfg = Debug|Any CPU
		{E4EFA1C7-9137-4E74-9C67-CCE6B8DCDBE2}.Debug|Any CPU.Build.0 = Debug|Any CPU
		{E4EFA1C7-9137-4E74-9C67-CCE6B8DCDBE2}.Release|Any CPU.ActiveCfg = Release|Any CPU
		{E4EFA1C7-9137-4E74-9C67-CCE6B8DCDBE2}.Release|Any CPU.Build.0 = Release|Any CPU
		{3542E1AA-E671-44AD-A9FD-197C9DB15421}.Debug|Any CPU.ActiveCfg = Debug|Any CPU
		{3542E1AA-E671-44AD-A9FD-197C9DB15421}.Debug|Any CPU.Build.0 = Debug|Any CPU
		{3542E1AA-E671-44AD-A9FD-197C9DB15421}.Release|Any CPU.ActiveCfg = Release|Any CPU
		{3542E1AA-E671-44AD-A9FD-197C9DB15421}.Release|Any CPU.Build.0 = Release|Any CPU
		{B497BE8E-587D-44CE-AD3D-AEF4CC2CCDEE}.Debug|Any CPU.ActiveCfg = Debug|Any CPU
		{B497BE8E-587D-44CE-AD3D-AEF4CC2CCDEE}.Debug|Any CPU.Build.0 = Debug|Any CPU
		{B497BE8E-587D-44CE-AD3D-AEF4CC2CCDEE}.Release|Any CPU.ActiveCfg = Release|Any CPU
		{B497BE8E-587D-44CE-AD3D-AEF4CC2CCDEE}.Release|Any CPU.Build.0 = Release|Any CPU
		{F40D08A8-F996-41F3-A49F-AC56593BAD76}.Debug|Any CPU.ActiveCfg = Debug|Any CPU
		{F40D08A8-F996-41F3-A49F-AC56593BAD76}.Debug|Any CPU.Build.0 = Debug|Any CPU
		{F40D08A8-F996-41F3-A49F-AC56593BAD76}.Release|Any CPU.ActiveCfg = Release|Any CPU
		{F40D08A8-F996-41F3-A49F-AC56593BAD76}.Release|Any CPU.Build.0 = Release|Any CPU
		{C65D35D6-1F3F-45D8-92B3-16F98CBABA02}.Debug|Any CPU.ActiveCfg = Debug|Any CPU
		{C65D35D6-1F3F-45D8-92B3-16F98CBABA02}.Debug|Any CPU.Build.0 = Debug|Any CPU
		{C65D35D6-1F3F-45D8-92B3-16F98CBABA02}.Release|Any CPU.ActiveCfg = Release|Any CPU
		{C65D35D6-1F3F-45D8-92B3-16F98CBABA02}.Release|Any CPU.Build.0 = Release|Any CPU
		{197EA779-743E-43F7-8FAE-6A7D823D3590}.Debug|Any CPU.ActiveCfg = Debug|Any CPU
		{197EA779-743E-43F7-8FAE-6A7D823D3590}.Debug|Any CPU.Build.0 = Debug|Any CPU
		{197EA779-743E-43F7-8FAE-6A7D823D3590}.Release|Any CPU.ActiveCfg = Release|Any CPU
		{197EA779-743E-43F7-8FAE-6A7D823D3590}.Release|Any CPU.Build.0 = Release|Any CPU
		{E4EF1940-6325-4879-8644-0CD74070C18E}.Debug|Any CPU.ActiveCfg = Debug|Any CPU
		{E4EF1940-6325-4879-8644-0CD74070C18E}.Debug|Any CPU.Build.0 = Debug|Any CPU
		{E4EF1940-6325-4879-8644-0CD74070C18E}.Release|Any CPU.ActiveCfg = Release|Any CPU
		{E4EF1940-6325-4879-8644-0CD74070C18E}.Release|Any CPU.Build.0 = Release|Any CPU
		{491D9EFB-80EB-4CB5-80BB-554C1D0C9D31}.Debug|Any CPU.ActiveCfg = Debug|Any CPU
		{491D9EFB-80EB-4CB5-80BB-554C1D0C9D31}.Debug|Any CPU.Build.0 = Debug|Any CPU
		{491D9EFB-80EB-4CB5-80BB-554C1D0C9D31}.Release|Any CPU.ActiveCfg = Release|Any CPU
		{491D9EFB-80EB-4CB5-80BB-554C1D0C9D31}.Release|Any CPU.Build.0 = Release|Any CPU
		{A6EE6EE2-36A0-48A9-93D6-57CC815C3EC5}.Debug|Any CPU.ActiveCfg = Debug|Any CPU
		{A6EE6EE2-36A0-48A9-93D6-57CC815C3EC5}.Debug|Any CPU.Build.0 = Debug|Any CPU
		{A6EE6EE2-36A0-48A9-93D6-57CC815C3EC5}.Release|Any CPU.ActiveCfg = Release|Any CPU
		{A6EE6EE2-36A0-48A9-93D6-57CC815C3EC5}.Release|Any CPU.Build.0 = Release|Any CPU
		{E6B692E6-F84A-41CE-9B16-7DC2200DA72B}.Debug|Any CPU.ActiveCfg = Debug|Any CPU
		{E6B692E6-F84A-41CE-9B16-7DC2200DA72B}.Debug|Any CPU.Build.0 = Debug|Any CPU
		{E6B692E6-F84A-41CE-9B16-7DC2200DA72B}.Release|Any CPU.ActiveCfg = Release|Any CPU
		{E6B692E6-F84A-41CE-9B16-7DC2200DA72B}.Release|Any CPU.Build.0 = Release|Any CPU
		{1E1DDCB3-E200-4241-9C4B-9DE91F263919}.Debug|Any CPU.ActiveCfg = Debug|Any CPU
		{1E1DDCB3-E200-4241-9C4B-9DE91F263919}.Debug|Any CPU.Build.0 = Debug|Any CPU
		{1E1DDCB3-E200-4241-9C4B-9DE91F263919}.Release|Any CPU.ActiveCfg = Release|Any CPU
		{1E1DDCB3-E200-4241-9C4B-9DE91F263919}.Release|Any CPU.Build.0 = Release|Any CPU
		{03B0D01B-9F16-4200-90E9-8A572A646656}.Debug|Any CPU.ActiveCfg = Debug|Any CPU
		{03B0D01B-9F16-4200-90E9-8A572A646656}.Debug|Any CPU.Build.0 = Debug|Any CPU
		{03B0D01B-9F16-4200-90E9-8A572A646656}.Release|Any CPU.ActiveCfg = Release|Any CPU
		{03B0D01B-9F16-4200-90E9-8A572A646656}.Release|Any CPU.Build.0 = Release|Any CPU
		{97C19FA1-DA14-4FD3-9386-148760E0C795}.Debug|Any CPU.ActiveCfg = Debug|Any CPU
		{97C19FA1-DA14-4FD3-9386-148760E0C795}.Debug|Any CPU.Build.0 = Debug|Any CPU
		{97C19FA1-DA14-4FD3-9386-148760E0C795}.Release|Any CPU.ActiveCfg = Release|Any CPU
		{97C19FA1-DA14-4FD3-9386-148760E0C795}.Release|Any CPU.Build.0 = Release|Any CPU
		{528907DA-B80B-48E2-B3E1-E520F1C6F437}.Debug|Any CPU.ActiveCfg = Debug|Any CPU
		{528907DA-B80B-48E2-B3E1-E520F1C6F437}.Debug|Any CPU.Build.0 = Debug|Any CPU
		{528907DA-B80B-48E2-B3E1-E520F1C6F437}.Release|Any CPU.ActiveCfg = Release|Any CPU
		{528907DA-B80B-48E2-B3E1-E520F1C6F437}.Release|Any CPU.Build.0 = Release|Any CPU
		{3C953ED8-68D3-474A-9A3B-81D89FE05D65}.Debug|Any CPU.ActiveCfg = Debug|Any CPU
		{3C953ED8-68D3-474A-9A3B-81D89FE05D65}.Debug|Any CPU.Build.0 = Debug|Any CPU
		{3C953ED8-68D3-474A-9A3B-81D89FE05D65}.Release|Any CPU.ActiveCfg = Release|Any CPU
		{3C953ED8-68D3-474A-9A3B-81D89FE05D65}.Release|Any CPU.Build.0 = Release|Any CPU
		{394F4882-A2C0-468C-A8AB-9CD92159B9D5}.Debug|Any CPU.ActiveCfg = Debug|Any CPU
		{394F4882-A2C0-468C-A8AB-9CD92159B9D5}.Debug|Any CPU.Build.0 = Debug|Any CPU
		{394F4882-A2C0-468C-A8AB-9CD92159B9D5}.Release|Any CPU.ActiveCfg = Release|Any CPU
		{394F4882-A2C0-468C-A8AB-9CD92159B9D5}.Release|Any CPU.Build.0 = Release|Any CPU
		{8BED373D-73EC-40BB-8452-E738A9BCBA3A}.Debug|Any CPU.ActiveCfg = Debug|Any CPU
		{8BED373D-73EC-40BB-8452-E738A9BCBA3A}.Debug|Any CPU.Build.0 = Debug|Any CPU
		{8BED373D-73EC-40BB-8452-E738A9BCBA3A}.Release|Any CPU.ActiveCfg = Release|Any CPU
		{8BED373D-73EC-40BB-8452-E738A9BCBA3A}.Release|Any CPU.Build.0 = Release|Any CPU
		{47B51845-B510-4163-BD69-F652AD015BF8}.Debug|Any CPU.ActiveCfg = Debug|Any CPU
		{47B51845-B510-4163-BD69-F652AD015BF8}.Debug|Any CPU.Build.0 = Debug|Any CPU
		{47B51845-B510-4163-BD69-F652AD015BF8}.Release|Any CPU.ActiveCfg = Release|Any CPU
		{47B51845-B510-4163-BD69-F652AD015BF8}.Release|Any CPU.Build.0 = Release|Any CPU
		{5BD44018-E025-4AB2-BAFE-86D3CF7B2E96}.Debug|Any CPU.ActiveCfg = Debug|Any CPU
		{5BD44018-E025-4AB2-BAFE-86D3CF7B2E96}.Debug|Any CPU.Build.0 = Debug|Any CPU
		{5BD44018-E025-4AB2-BAFE-86D3CF7B2E96}.Release|Any CPU.ActiveCfg = Release|Any CPU
		{5BD44018-E025-4AB2-BAFE-86D3CF7B2E96}.Release|Any CPU.Build.0 = Release|Any CPU
		{8B52A2D7-CD1F-46BA-9107-B748638676B6}.Debug|Any CPU.ActiveCfg = Debug|Any CPU
		{8B52A2D7-CD1F-46BA-9107-B748638676B6}.Debug|Any CPU.Build.0 = Debug|Any CPU
		{8B52A2D7-CD1F-46BA-9107-B748638676B6}.Release|Any CPU.ActiveCfg = Release|Any CPU
		{8B52A2D7-CD1F-46BA-9107-B748638676B6}.Release|Any CPU.Build.0 = Release|Any CPU
		{15CB635A-B96C-4785-9ADD-592E9EEC3051}.Debug|Any CPU.ActiveCfg = Debug|Any CPU
		{15CB635A-B96C-4785-9ADD-592E9EEC3051}.Debug|Any CPU.Build.0 = Debug|Any CPU
		{15CB635A-B96C-4785-9ADD-592E9EEC3051}.Release|Any CPU.ActiveCfg = Release|Any CPU
		{15CB635A-B96C-4785-9ADD-592E9EEC3051}.Release|Any CPU.Build.0 = Release|Any CPU
		{6D5FDC28-C4D2-4798-80A3-F3A21F59FA3F}.Debug|Any CPU.ActiveCfg = Debug|Any CPU
		{6D5FDC28-C4D2-4798-80A3-F3A21F59FA3F}.Debug|Any CPU.Build.0 = Debug|Any CPU
		{6D5FDC28-C4D2-4798-80A3-F3A21F59FA3F}.Release|Any CPU.ActiveCfg = Release|Any CPU
		{6D5FDC28-C4D2-4798-80A3-F3A21F59FA3F}.Release|Any CPU.Build.0 = Release|Any CPU
	EndGlobalSection
	GlobalSection(SolutionProperties) = preSolution
		HideSolutionNode = FALSE
	EndGlobalSection
	GlobalSection(NestedProjects) = preSolution
		{E4EFA1C7-9137-4E74-9C67-CCE6B8DCDBE2} = {8CD1A0B2-3589-4AF0-9571-126E24FEABB8}
		{3542E1AA-E671-44AD-A9FD-197C9DB15421} = {8CD1A0B2-3589-4AF0-9571-126E24FEABB8}
		{B497BE8E-587D-44CE-AD3D-AEF4CC2CCDEE} = {8CD1A0B2-3589-4AF0-9571-126E24FEABB8}
		{F40D08A8-F996-41F3-A49F-AC56593BAD76} = {8CD1A0B2-3589-4AF0-9571-126E24FEABB8}
		{C65D35D6-1F3F-45D8-92B3-16F98CBABA02} = {8CD1A0B2-3589-4AF0-9571-126E24FEABB8}
		{197EA779-743E-43F7-8FAE-6A7D823D3590} = {8CD1A0B2-3589-4AF0-9571-126E24FEABB8}
		{E4EF1940-6325-4879-8644-0CD74070C18E} = {8CD1A0B2-3589-4AF0-9571-126E24FEABB8}
		{491D9EFB-80EB-4CB5-80BB-554C1D0C9D31} = {8CD1A0B2-3589-4AF0-9571-126E24FEABB8}
		{A6EE6EE2-36A0-48A9-93D6-57CC815C3EC5} = {8CD1A0B2-3589-4AF0-9571-126E24FEABB8}
		{E6B692E6-F84A-41CE-9B16-7DC2200DA72B} = {8CD1A0B2-3589-4AF0-9571-126E24FEABB8}
		{1E1DDCB3-E200-4241-9C4B-9DE91F263919} = {8CD1A0B2-3589-4AF0-9571-126E24FEABB8}
		{03B0D01B-9F16-4200-90E9-8A572A646656} = {8CD1A0B2-3589-4AF0-9571-126E24FEABB8}
		{97C19FA1-DA14-4FD3-9386-148760E0C795} = {4DD1EC66-05E5-4E8E-8902-3983C5680530}
		{528907DA-B80B-48E2-B3E1-E520F1C6F437} = {4DD1EC66-05E5-4E8E-8902-3983C5680530}
		{3C953ED8-68D3-474A-9A3B-81D89FE05D65} = {AD3BBC5A-12EF-47DF-B550-D54A66E84E47}
		{394F4882-A2C0-468C-A8AB-9CD92159B9D5} = {AD3BBC5A-12EF-47DF-B550-D54A66E84E47}
		{8BED373D-73EC-40BB-8452-E738A9BCBA3A} = {AD3BBC5A-12EF-47DF-B550-D54A66E84E47}
		{47B51845-B510-4163-BD69-F652AD015BF8} = {AD3BBC5A-12EF-47DF-B550-D54A66E84E47}
		{5BD44018-E025-4AB2-BAFE-86D3CF7B2E96} = {E7F2A2D3-2D8D-45CD-9E08-F2A639F381BC}
		{8B52A2D7-CD1F-46BA-9107-B748638676B6} = {E7F2A2D3-2D8D-45CD-9E08-F2A639F381BC}
		{15CB635A-B96C-4785-9ADD-592E9EEC3051} = {FD6D4A90-D00D-4FF8-A2A0-A186A3CABF75}
		{6D5FDC28-C4D2-4798-80A3-F3A21F59FA3F} = {CBF8E901-B77B-478C-9651-A8DDE7761588}
	EndGlobalSection
	GlobalSection(ExtensibilityGlobals) = postSolution
		SolutionGuid = {9DC7B268-CFD1-4C30-8F2C-1BCDBAC0BD37}
	EndGlobalSection
EndGlobal
